
Microsoft Visual Studio Solution File, Format Version 12.00
# Visual Studio Version 16
VisualStudioVersion = 16.0.30804.86
MinimumVisualStudioVersion = 10.0.40219.1
Project("{9A19103F-16F7-4668-BE54-9A1E7A4F7556}") = "DesktopNotifications", "DesktopNotifications\DesktopNotifications.csproj", "{64E5A8ED-29CB-4114-B1B8-EC14512EB15E}"
EndProject
Project("{9A19103F-16F7-4668-BE54-9A1E7A4F7556}") = "DesktopNotifications.Windows", "DesktopNotifications.Windows\DesktopNotifications.Windows.csproj", "{8BD34395-0FB7-43D1-8127-94B525AF2392}"
EndProject
Project("{9A19103F-16F7-4668-BE54-9A1E7A4F7556}") = "Example", "Example\Example.csproj", "{CEB162D5-CC75-4FC9-9A8B-E3C58E7155F0}"
EndProject
Project("{9A19103F-16F7-4668-BE54-9A1E7A4F7556}") = "DesktopNotifications.FreeDesktop", "DesktopNotifications.FreeDesktop\DesktopNotifications.FreeDesktop.csproj", "{96F637EF-FD11-41F5-8F40-4E37313697E3}"
EndProject
Project("{FAE04EC0-301F-11D3-BF4B-00C04F79EFBC}") = "DesktopNotifications.Apple", "DesktopNotifications.Apple\DesktopNotifications.Apple.csproj", "{B4A6C639-79C4-48EF-955F-273CF01D7770}"
EndProject
Global
	GlobalSection(SolutionConfigurationPlatforms) = preSolution
		Debug|Any CPU = Debug|Any CPU
		Release|Any CPU = Release|Any CPU
	EndGlobalSection
	GlobalSection(ProjectConfigurationPlatforms) = postSolution
		{64E5A8ED-29CB-4114-B1B8-EC14512EB15E}.Debug|Any CPU.ActiveCfg = Debug|Any CPU
		{64E5A8ED-29CB-4114-B1B8-EC14512EB15E}.Debug|Any CPU.Build.0 = Debug|Any CPU
		{64E5A8ED-29CB-4114-B1B8-EC14512EB15E}.Release|Any CPU.ActiveCfg = Release|Any CPU
		{64E5A8ED-29CB-4114-B1B8-EC14512EB15E}.Release|Any CPU.Build.0 = Release|Any CPU
		{8BD34395-0FB7-43D1-8127-94B525AF2392}.Debug|Any CPU.ActiveCfg = Debug|Any CPU
		{8BD34395-0FB7-43D1-8127-94B525AF2392}.Debug|Any CPU.Build.0 = Debug|Any CPU
		{8BD34395-0FB7-43D1-8127-94B525AF2392}.Release|Any CPU.ActiveCfg = Release|Any CPU
		{8BD34395-0FB7-43D1-8127-94B525AF2392}.Release|Any CPU.Build.0 = Release|Any CPU
		{CEB162D5-CC75-4FC9-9A8B-E3C58E7155F0}.Debug|Any CPU.ActiveCfg = Debug|Any CPU
		{CEB162D5-CC75-4FC9-9A8B-E3C58E7155F0}.Debug|Any CPU.Build.0 = Debug|Any CPU
		{CEB162D5-CC75-4FC9-9A8B-E3C58E7155F0}.Release|Any CPU.ActiveCfg = Release|Any CPU
		{CEB162D5-CC75-4FC9-9A8B-E3C58E7155F0}.Release|Any CPU.Build.0 = Release|Any CPU
		{96F637EF-FD11-41F5-8F40-4E37313697E3}.Debug|Any CPU.ActiveCfg = Debug|Any CPU
		{96F637EF-FD11-41F5-8F40-4E37313697E3}.Debug|Any CPU.Build.0 = Debug|Any CPU
		{96F637EF-FD11-41F5-8F40-4E37313697E3}.Release|Any CPU.ActiveCfg = Release|Any CPU
		{96F637EF-FD11-41F5-8F40-4E37313697E3}.Release|Any CPU.Build.0 = Release|Any CPU
		{B4A6C639-79C4-48EF-955F-273CF01D7770}.Debug|Any CPU.ActiveCfg = Debug|Any CPU
		{B4A6C639-79C4-48EF-955F-273CF01D7770}.Debug|Any CPU.Build.0 = Debug|Any CPU
		{B4A6C639-79C4-48EF-955F-273CF01D7770}.Release|Any CPU.ActiveCfg = Release|Any CPU
		{B4A6C639-79C4-48EF-955F-273CF01D7770}.Release|Any CPU.Build.0 = Release|Any CPU
	EndGlobalSection
	GlobalSection(SolutionProperties) = preSolution
		HideSolutionNode = FALSE
	EndGlobalSection
	GlobalSection(ExtensibilityGlobals) = postSolution
		SolutionGuid = {95891D52-BFE3-4A10-9823-99F37EAA6058}
	EndGlobalSection
EndGlobal
